
Microsoft Visual Studio Solution File, Format Version 12.00
# Visual Studio Version 17
VisualStudioVersion = 17.10.34607.79
MinimumVisualStudioVersion = 10.0.40219.1
Project("{FAE04EC0-301F-11D3-BF4B-00C04F79EFBC}") = "DemExamTest", "DemExamTest\DemExamTest.csproj", "{BDDE8116-940E-4CF2-9188-E23FF25F1AA9}"
EndProject
Global
	GlobalSection(SolutionConfigurationPlatforms) = preSolution
		Debug|Any CPU = Debug|Any CPU
		Release|Any CPU = Release|Any CPU
	EndGlobalSection
	GlobalSection(ProjectConfigurationPlatforms) = postSolution
		{BDDE8116-940E-4CF2-9188-E23FF25F1AA9}.Debug|Any CPU.ActiveCfg = Debug|Any CPU
		{BDDE8116-940E-4CF2-9188-E23FF25F1AA9}.Debug|Any CPU.Build.0 = Debug|Any CPU
		{BDDE8116-940E-4CF2-9188-E23FF25F1AA9}.Release|Any CPU.ActiveCfg = Release|Any CPU
		{BDDE8116-940E-4CF2-9188-E23FF25F1AA9}.Release|Any CPU.Build.0 = Release|Any CPU
	EndGlobalSection
	GlobalSection(SolutionProperties) = preSolution
		HideSolutionNode = FALSE
	EndGlobalSection
	GlobalSection(ExtensibilityGlobals) = postSolution
		SolutionGuid = {81CF5983-3E17-49ED-8915-65046F914DDB}
	EndGlobalSection
EndGlobal
